# Dependency binary pin (name|url|sha256|extract-into). fetch-deps.sh verify sha256.
# KHÔNG tự bump — đổi version phải có review (tránh supply-chain). sha256 điền khi chốt version.
# GPL: MariaDB GPLv2 đóng gói binary độc lập, socket-only (mere aggregation — plan 2.2, licenses/).
#
# MariaDB LTS (11.4.x) — điền URL + sha256 chính thức từ mariadb.org khi chốt bản đóng gói:
# mariadb|https://archive.mariadb.org/mariadb-11.4.x/bintar-linux-systemd-x86_64/mariadb-11.4.x-linux-systemd-x86_64.tar.gz|<sha256>|mariadb
#
# PowerShell Core (pwsh) — MIT, từ github.com/PowerShell/PowerShell releases:
# pwsh|https://github.com/PowerShell/PowerShell/releases/download/v7.x.x/powershell-7.x.x-linux-x64.tar.gz|<sha256>|pwsh
#
# (rỗng lúc này → package.sh đóng gói core-only; điền khi chốt version cho v1.0)
